
Microsoft Visual Studio Solution File, Format Version 12.00
# Visual Studio 2012
Project("{FAE04EC0-301F-11D3-BF4B-00C04F79EFBC}") = "PartyInvites", "PartyInvites\PartyInvites.csproj", "{35CBF7BA-E180-4FF5-986B-616CD84710AF}"
EndProject
Global
	GlobalSection(SolutionConfigurationPlatforms) = preSolution
		Debug|Any CPU = Debug|Any CPU
		Release|Any CPU = Release|Any CPU
	EndGlobalSection
	GlobalSection(ProjectConfigurationPlatforms) = postSolution
		{35CBF7BA-E180-4FF5-986B-616CD84710AF}.Debug|Any CPU.ActiveCfg = Debug|Any CPU
		{35CBF7BA-E180-4FF5-986B-616CD84710AF}.Debug|Any CPU.Build.0 = Debug|Any CPU
		{35CBF7BA-E180-4FF5-986B-616CD84710AF}.Release|Any CPU.ActiveCfg = Release|Any CPU
		{35CBF7BA-E180-4FF5-986B-616CD84710AF}.Release|Any CPU.Build.0 = Release|Any CPU
	EndGlobalSection
	GlobalSection(SolutionProperties) = preSolution
		HideSolutionNode = FALSE
	EndGlobalSection
EndGlobal
